// !$*UTF8*$!
{
	archiveVersion = 1;
	classes = {
	};
	objectVersion = 70;
	objects = {

/* Begin PBXBuildFile section */
		611C4ADB2CC7C4F300351126 /* main.swift in Sources */ = {isa = PBXBuildFile; fileRef = 611C4ADA2CC7C4F300351126 /* main.swift */; };
		611C4AE32CC7C5AB00351126 /* Swifter in Frameworks */ = {isa = PBXBuildFile; productRef = 611C4AE22CC7C5AB00351126 /* Swifter */; };
		611C4B062CC7E7F300351126 /* TerminalCommandExecutor.swift in Sources */ = {isa = PBXBuildFile; fileRef = 611C4B052CC7E7F300351126 /* TerminalCommandExecutor.swift */; };
		A7D77C642D35B77D001562D8 /* AudioPlayer.swift in Sources */ = {isa = PBXBuildFile; fileRef = A7D77C632D35B77D001562D8 /* AudioPlayer.swift */; };
		A7D77C672D35B9E8001562D8 /* Bottle.aiff in Resources */ = {isa = PBXBuildFile; fileRef = A7D77C652D35B91D001562D8 /* Bottle.aiff */; };
		EDA13E182CC7EAF0009D54B9 /* WebSocketServer.swift in Sources */ = {isa = PBXBuildFile; fileRef = EDA13E172CC7EAF0009D54B9 /* WebSocketServer.swift */; };
		EDA13E232CC8FB5A009D54B9 /* Utilities.swift in Sources */ = {isa = PBXBuildFile; fileRef = EDA13E222CC8FB5A009D54B9 /* Utilities.swift */; };
		EDA13E252CC8FE3F009D54B9 /* TmpFileManager.swift in Sources */ = {isa = PBXBuildFile; fileRef = EDA13E242CC8FE3F009D54B9 /* TmpFileManager.swift */; };
/* End PBXBuildFile section */

/* Begin PBXCopyFilesBuildPhase section */
		611C4AD52CC7C4F300351126 /* CopyFiles */ = {
			isa = PBXCopyFilesBuildPhase;
			buildActionMask = 2147483647;
			dstPath = /usr/share/man/man1/;
			dstSubfolderSpec = 0;
			files = (
			);
			runOnlyForDeploymentPostprocessing = 1;
		};
/* End PBXCopyFilesBuildPhase section */

/* Begin PBXFileReference section */
		611C4AD72CC7C4F300351126 /* WebSocketServer */ = {isa = PBXFileReference; explicitFileType = "compiled.mach-o.executable"; includeInIndex = 0; path = WebSocketServer; sourceTree = BUILT_PRODUCTS_DIR; };
		611C4ADA2CC7C4F300351126 /* main.swift */ = {isa = PBXFileReference; lastKnownFileType = sourcecode.swift; path = main.swift; sourceTree = "<group>"; };
		611C4B052CC7E7F300351126 /* TerminalCommandExecutor.swift */ = {isa = PBXFileReference; lastKnownFileType = sourcecode.swift; path = TerminalCommandExecutor.swift; sourceTree = "<group>"; };
		A7D77C632D35B77D001562D8 /* AudioPlayer.swift */ = {isa = PBXFileReference; lastKnownFileType = sourcecode.swift; path = AudioPlayer.swift; sourceTree = "<group>"; };
		A7D77C652D35B91D001562D8 /* Bottle.aiff */ = {isa = PBXFileReference; lastKnownFileType = audio.aiff; path = Bottle.aiff; sourceTree = "<group>"; };
		EDA13E172CC7EAF0009D54B9 /* WebSocketServer.swift */ = {isa = PBXFileReference; lastKnownFileType = sourcecode.swift; path = WebSocketServer.swift; sourceTree = "<group>"; };
		EDA13E222CC8FB5A009D54B9 /* Utilities.swift */ = {isa = PBXFileReference; lastKnownFileType = sourcecode.swift; path = Utilities.swift; sourceTree = "<group>"; };
		EDA13E242CC8FE3F009D54B9 /* TmpFileManager.swift */ = {isa = PBXFileReference; lastKnownFileType = sourcecode.swift; path = TmpFileManager.swift; sourceTree = "<group>"; };
/* End PBXFileReference section */

/* Begin PBXFileSystemSynchronizedRootGroup section */
		EDA13E1F2CC8F6FD009D54B9 /* Model */ = {isa = PBXFileSystemSynchronizedRootGroup; explicitFileTypes = {}; explicitFolders = (); path = Model; sourceTree = "<group>"; };
/* End PBXFileSystemSynchronizedRootGroup section */

/* Begin PBXFrameworksBuildPhase section */
		611C4AD42CC7C4F300351126 /* Frameworks */ = {
			isa = PBXFrameworksBuildPhase;
			buildActionMask = 2147483647;
			files = (
				611C4AE32CC7C5AB00351126 /* Swifter in Frameworks */,
			);
			runOnlyForDeploymentPostprocessing = 0;
		};
/* End PBXFrameworksBuildPhase section */

/* Begin PBXGroup section */
		611C4ACE2CC7C4F200351126 = {
			isa = PBXGroup;
			children = (
				611C4AD92CC7C4F300351126 /* WebSocketServer */,
				611C4AD82CC7C4F300351126 /* Products */,
			);
			sourceTree = "<group>";
		};
		611C4AD82CC7C4F300351126 /* Products */ = {
			isa = PBXGroup;
			children = (
				611C4AD72CC7C4F300351126 /* WebSocketServer */,
			);
			name = Products;
			sourceTree = "<group>";
		};
		611C4AD92CC7C4F300351126 /* WebSocketServer */ = {
			isa = PBXGroup;
			children = (
				EDA13E1F2CC8F6FD009D54B9 /* Model */,
				611C4ADA2CC7C4F300351126 /* main.swift */,
				611C4B052CC7E7F300351126 /* TerminalCommandExecutor.swift */,
				EDA13E172CC7EAF0009D54B9 /* WebSocketServer.swift */,
				EDA13E222CC8FB5A009D54B9 /* Utilities.swift */,
				A7D77C632D35B77D001562D8 /* AudioPlayer.swift */,
				A7D77C652D35B91D001562D8 /* Bottle.aiff */,
				EDA13E242CC8FE3F009D54B9 /* TmpFileManager.swift */,
			);
			path = WebSocketServer;
			sourceTree = "<group>";
		};
/* End PBXGroup section */

/* Begin PBXNativeTarget section */
		611C4AD62CC7C4F300351126 /* WebSocketServer */ = {
			isa = PBXNativeTarget;
			buildConfigurationList = 611C4ADE2CC7C4F300351126 /* Build configuration list for PBXNativeTarget "WebSocketServer" */;
			buildPhases = (
				611C4AD32CC7C4F300351126 /* Sources */,
				611C4AD42CC7C4F300351126 /* Frameworks */,
				611C4AD52CC7C4F300351126 /* CopyFiles */,
				A7D77C662D35B9E2001562D8 /* Resources */,
			);
			buildRules = (
			);
			dependencies = (
			);
			fileSystemSynchronizedGroups = (
				EDA13E1F2CC8F6FD009D54B9 /* Model */,
			);
			name = WebSocketServer;
			packageProductDependencies = (
				611C4AE22CC7C5AB00351126 /* Swifter */,
			);
			productName = WebSocketServer;
			productReference = 611C4AD72CC7C4F300351126 /* WebSocketServer */;
			productType = "com.apple.product-type.tool";
		};
/* End PBXNativeTarget section */

/* Begin PBXProject section */
		611C4ACF2CC7C4F200351126 /* Project object */ = {
			isa = PBXProject;
			attributes = {
				BuildIndependentTargetsInParallel = 1;
				LastSwiftUpdateCheck = 1530;
				LastUpgradeCheck = 1530;
				TargetAttributes = {
					611C4AD62CC7C4F300351126 = {
						CreatedOnToolsVersion = 15.3;
					};
				};
			};
			buildConfigurationList = 611C4AD22CC7C4F200351126 /* Build configuration list for PBXProject "WebSocketServer" */;
			compatibilityVersion = "Xcode 14.0";
			developmentRegion = en;
			hasScannedForEncodings = 0;
			knownRegions = (
				en,
				Base,
			);
			mainGroup = 611C4ACE2CC7C4F200351126;
			packageReferences = (
				611C4AE12CC7C5AB00351126 /* XCRemoteSwiftPackageReference "swifter" */,
			);
			productRefGroup = 611C4AD82CC7C4F300351126 /* Products */;
			projectDirPath = "";
			projectRoot = "";
			targets = (
				611C4AD62CC7C4F300351126 /* WebSocketServer */,
			);
		};
/* End PBXProject section */

/* Begin PBXResourcesBuildPhase section */
		A7D77C662D35B9E2001562D8 /* Resources */ = {
			isa = PBXResourcesBuildPhase;
			buildActionMask = 2147483647;
			files = (
				A7D77C672D35B9E8001562D8 /* Bottle.aiff in Resources */,
			);
			runOnlyForDeploymentPostprocessing = 0;
		};
/* End PBXResourcesBuildPhase section */

/* Begin PBXSourcesBuildPhase section */
		611C4AD32CC7C4F300351126 /* Sources */ = {
			isa = PBXSourcesBuildPhase;
			buildActionMask = 2147483647;
			files = (
				EDA13E182CC7EAF0009D54B9 /* WebSocketServer.swift in Sources */,
				611C4B062CC7E7F300351126 /* TerminalCommandExecutor.swift in Sources */,
				EDA13E232CC8FB5A009D54B9 /* Utilities.swift in Sources */,
				611C4ADB2CC7C4F300351126 /* main.swift in Sources */,
				EDA13E252CC8FE3F009D54B9 /* TmpFileManager.swift in Sources */,
				A7D77C642D35B77D001562D8 /* AudioPlayer.swift in Sources */,
			);
			runOnlyForDeploymentPostprocessing = 0;
		};
/* End PBXSourcesBuildPhase section */

/* Begin XCBuildConfiguration section */
		611C4ADC2CC7C4F300351126 /* Debug */ = {
			isa = XCBuildConfiguration;
			buildSettings = {
				ALWAYS_SEARCH_USER_PATHS = NO;
				ASSETCATALOG_COMPILER_GENERATE_SWIFT_ASSET_SYMBOL_EXTENSIONS = YES;
				CLANG_ANALYZER_NONNULL = YES;
				CLANG_ANALYZER_NUMBER_OBJECT_CONVERSION = YES_AGGRESSIVE;
				CLANG_CXX_LANGUAGE_STANDARD = "gnu++20";
				CLANG_ENABLE_MODULES = YES;
				CLANG_ENABLE_OBJC_ARC = YES;
				CLANG_ENABLE_OBJC_WEAK = YES;
				CLANG_WARN_BLOCK_CAPTURE_AUTORELEASING = YES;
				CLANG_WARN_BOOL_CONVERSION = YES;
				CLANG_WARN_COMMA = YES;
				CLANG_WARN_CONSTANT_CONVERSION = YES;
				CLANG_WARN_DEPRECATED_OBJC_IMPLEMENTATIONS = YES;
				CLANG_WARN_DIRECT_OBJC_ISA_USAGE = YES_ERROR;
				CLANG_WARN_DOCUMENTATION_COMMENTS = YES;
				CLANG_WARN_EMPTY_BODY = YES;
				CLANG_WARN_ENUM_CONVERSION = YES;
				CLANG_WARN_INFINITE_RECURSION = YES;
				CLANG_WARN_INT_CONVERSION = YES;
				CLANG_WARN_NON_LITERAL_NULL_CONVERSION = YES;
				CLANG_WARN_OBJC_IMPLICIT_RETAIN_SELF = YES;
				CLANG_WARN_OBJC_LITERAL_CONVERSION = YES;
				CLANG_WARN_OBJC_ROOT_CLASS = YES_ERROR;
				CLANG_WARN_QUOTED_INCLUDE_IN_FRAMEWORK_HEADER = YES;
				CLANG_WARN_RANGE_LOOP_ANALYSIS = YES;
				CLANG_WARN_STRICT_PROTOTYPES = YES;
				CLANG_WARN_SUSPICIOUS_MOVE = YES;
				CLANG_WARN_UNGUARDED_AVAILABILITY = YES_AGGRESSIVE;
				CLANG_WARN_UNREACHABLE_CODE = YES;
				CLANG_WARN__DUPLICATE_METHOD_MATCH = YES;
				COPY_PHASE_STRIP = NO;
				DEBUG_INFORMATION_FORMAT = dwarf;
				ENABLE_STRICT_OBJC_MSGSEND = YES;
				ENABLE_TESTABILITY = YES;
				ENABLE_USER_SCRIPT_SANDBOXING = YES;
				GCC_C_LANGUAGE_STANDARD = gnu17;
				GCC_DYNAMIC_NO_PIC = NO;
				GCC_NO_COMMON_BLOCKS = YES;
				GCC_OPTIMIZATION_LEVEL = 0;
				GCC_PREPROCESSOR_DEFINITIONS = (
					"DEBUG=1",
					"$(inherited)",
				);
				GCC_WARN_64_TO_32_BIT_CONVERSION = YES;
				GCC_WARN_ABOUT_RETURN_TYPE = YES_ERROR;
				GCC_WARN_UNDECLARED_SELECTOR = YES;
				GCC_WARN_UNINITIALIZED_AUTOS = YES_AGGRESSIVE;
				GCC_WARN_UNUSED_FUNCTION = YES;
				GCC_WARN_UNUSED_VARIABLE = YES;
				LOCALIZATION_PREFERS_STRING_CATALOGS = YES;
				MACOSX_DEPLOYMENT_TARGET = 14.1;
				MTL_ENABLE_DEBUG_INFO = INCLUDE_SOURCE;
				MTL_FAST_MATH = YES;
				ONLY_ACTIVE_ARCH = YES;
				SDKROOT = macosx;
				SWIFT_ACTIVE_COMPILATION_CONDITIONS = "DEBUG $(inherited)";
				SWIFT_OPTIMIZATION_LEVEL = "-Onone";
			};
			name = Debug;
		};
		611C4ADD2CC7C4F300351126 /* Release */ = {
			isa = XCBuildConfiguration;
			buildSettings = {
				ALWAYS_SEARCH_USER_PATHS = NO;
				ASSETCATALOG_COMPILER_GENERATE_SWIFT_ASSET_SYMBOL_EXTENSIONS = YES;
				CLANG_ANALYZER_NONNULL = YES;
				CLANG_ANALYZER_NUMBER_OBJECT_CONVERSION = YES_AGGRESSIVE;
				CLANG_CXX_LANGUAGE_STANDARD = "gnu++20";
				CLANG_ENABLE_MODULES = YES;
				CLANG_ENABLE_OBJC_ARC = YES;
				CLANG_ENABLE_OBJC_WEAK = YES;
				CLANG_WARN_BLOCK_CAPTURE_AUTORELEASING = YES;
				CLANG_WARN_BOOL_CONVERSION = YES;
				CLANG_WARN_COMMA = YES;
				CLANG_WARN_CONSTANT_CONVERSION = YES;
				CLANG_WARN_DEPRECATED_OBJC_IMPLEMENTATIONS = YES;
				CLANG_WARN_DIRECT_OBJC_ISA_USAGE = YES_ERROR;
				CLANG_WARN_DOCUMENTATION_COMMENTS = YES;
				CLANG_WARN_EMPTY_BODY = YES;
				CLANG_WARN_ENUM_CONVERSION = YES;
				CLANG_WARN_INFINITE_RECURSION = YES;
				CLANG_WARN_INT_CONVERSION = YES;
				CLANG_WARN_NON_LITERAL_NULL_CONVERSION = YES;
				CLANG_WARN_OBJC_IMPLICIT_RETAIN_SELF = YES;
				CLANG_WARN_OBJC_LITERAL_CONVERSION = YES;
				CLANG_WARN_OBJC_ROOT_CLASS = YES_ERROR;
				CLANG_WARN_QUOTED_INCLUDE_IN_FRAMEWORK_HEADER = YES;
				CLANG_WARN_RANGE_LOOP_ANALYSIS = YES;
				CLANG_WARN_STRICT_PROTOTYPES = YES;
				CLANG_WARN_SUSPICIOUS_MOVE = YES;
				CLANG_WARN_UNGUARDED_AVAILABILITY = YES_AGGRESSIVE;
				CLANG_WARN_UNREACHABLE_CODE = YES;
				CLANG_WARN__DUPLICATE_METHOD_MATCH = YES;
				COPY_PHASE_STRIP = NO;
				DEBUG_INFORMATION_FORMAT = "dwarf-with-dsym";
				ENABLE_NS_ASSERTIONS = NO;
				ENABLE_STRICT_OBJC_MSGSEND = YES;
				ENABLE_USER_SCRIPT_SANDBOXING = YES;
				GCC_C_LANGUAGE_STANDARD = gnu17;
				GCC_NO_COMMON_BLOCKS = YES;
				GCC_WARN_64_TO_32_BIT_CONVERSION = YES;
				GCC_WARN_ABOUT_RETURN_TYPE = YES_ERROR;
				GCC_WARN_UNDECLARED_SELECTOR = YES;
				GCC_WARN_UNINITIALIZED_AUTOS = YES_AGGRESSIVE;
				GCC_WARN_UNUSED_FUNCTION = YES;
				GCC_WARN_UNUSED_VARIABLE = YES;
				LOCALIZATION_PREFERS_STRING_CATALOGS = YES;
				MACOSX_DEPLOYMENT_TARGET = 14.1;
				MTL_ENABLE_DEBUG_INFO = NO;
				MTL_FAST_MATH = YES;
				SDKROOT = macosx;
				SWIFT_COMPILATION_MODE = wholemodule;
			};
			name = Release;
		};
		611C4ADF2CC7C4F300351126 /* Debug */ = {
			isa = XCBuildConfiguration;
			buildSettings = {
				CODE_SIGN_IDENTITY = "Apple Development";
				"CODE_SIGN_IDENTITY[sdk=macosx*]" = "-";
				CODE_SIGN_STYLE = Automatic;
				DEVELOPMENT_TEAM = "";
				ENABLE_HARDENED_RUNTIME = YES;
				PRODUCT_NAME = "$(TARGET_NAME)";
				PROVISIONING_PROFILE_SPECIFIER = "";
				SWIFT_VERSION = 5.0;
			};
			name = Debug;
		};
		611C4AE02CC7C4F300351126 /* Release */ = {
			isa = XCBuildConfiguration;
			buildSettings = {
				CODE_SIGN_IDENTITY = "Apple Development";
				"CODE_SIGN_IDENTITY[sdk=macosx*]" = "-";
				CODE_SIGN_STYLE = Automatic;
				DEVELOPMENT_TEAM = "";
				ENABLE_HARDENED_RUNTIME = YES;
				PRODUCT_NAME = "$(TARGET_NAME)";
				PROVISIONING_PROFILE_SPECIFIER = "";
				SWIFT_VERSION = 5.0;
			};
			name = Release;
		};
/* End XCBuildConfiguration section */

/* Begin XCConfigurationList section */
		611C4AD22CC7C4F200351126 /* Build configuration list for PBXProject "WebSocketServer" */ = {
			isa = XCConfigurationList;
			buildConfigurations = (
				611C4ADC2CC7C4F300351126 /* Debug */,
				611C4ADD2CC7C4F300351126 /* Release */,
			);
			defaultConfigurationIsVisible = 0;
			defaultConfigurationName = Release;
		};
		611C4ADE2CC7C4F300351126 /* Build configuration list for PBXNativeTarget "WebSocketServer" */ = {
			isa = XCConfigurationList;
			buildConfigurations = (
				611C4ADF2CC7C4F300351126 /* Debug */,
				611C4AE02CC7C4F300351126 /* Release */,
			);
			defaultConfigurationIsVisible = 0;
			defaultConfigurationName = Release;
		};
/* End XCConfigurationList section */

/* Begin XCRemoteSwiftPackageReference section */
		611C4AE12CC7C5AB00351126 /* XCRemoteSwiftPackageReference "swifter" */ = {
			isa = XCRemoteSwiftPackageReference;
			repositoryURL = "https://github.com/httpswift/swifter";
			requirement = {
				kind = upToNextMajorVersion;
				minimumVersion = 1.5.0;
			};
		};
/* End XCRemoteSwiftPackageReference section */

/* Begin XCSwiftPackageProductDependency section */
		611C4AE22CC7C5AB00351126 /* Swifter */ = {
			isa = XCSwiftPackageProductDependency;
			package = 611C4AE12CC7C5AB00351126 /* XCRemoteSwiftPackageReference "swifter" */;
			productName = Swifter;
		};
/* End XCSwiftPackageProductDependency section */
	};
	rootObject = 611C4ACF2CC7C4F200351126 /* Project object */;
}
