// !$*UTF8*$!
{
	archiveVersion = 1;
	classes = {
	};
	objectVersion = 77;
	objects = {

/* Begin PBXBuildFile section */
		A7AF81952D39C7A3007EACF0 /* NWWebSocket in Frameworks */ = {isa = PBXBuildFile; productRef = A7AF81942D39C7A3007EACF0 /* NWWebSocket */; };
/* End PBXBuildFile section */

/* Begin PBXContainerItemProxy section */
		A7AF81702D39C662007EACF0 /* PBXContainerItemProxy */ = {
			isa = PBXContainerItemProxy;
			containerPortal = A7AF81572D39C660007EACF0 /* Project object */;
			proxyType = 1;
			remoteGlobalIDString = A7AF815E2D39C660007EACF0;
			remoteInfo = remoteController2;
		};
		A7AF817A2D39C662007EACF0 /* PBXContainerItemProxy */ = {
			isa = PBXContainerItemProxy;
			containerPortal = A7AF81572D39C660007EACF0 /* Project object */;
			proxyType = 1;
			remoteGlobalIDString = A7AF815E2D39C660007EACF0;
			remoteInfo = remoteController2;
		};
/* End PBXContainerItemProxy section */

/* Begin PBXFileReference section */
		A7AF815F2D39C660007EACF0 /* remoteController2.app */ = {isa = PBXFileReference; explicitFileType = wrapper.application; includeInIndex = 0; path = remoteController2.app; sourceTree = BUILT_PRODUCTS_DIR; };
		A7AF816F2D39C662007EACF0 /* remoteController2Tests.xctest */ = {isa = PBXFileReference; explicitFileType = wrapper.cfbundle; includeInIndex = 0; path = remoteController2Tests.xctest; sourceTree = BUILT_PRODUCTS_DIR; };
		A7AF81792D39C662007EACF0 /* remoteController2UITests.xctest */ = {isa = PBXFileReference; explicitFileType = wrapper.cfbundle; includeInIndex = 0; path = remoteController2UITests.xctest; sourceTree = BUILT_PRODUCTS_DIR; };
/* End PBXFileReference section */

/* Begin PBXFileSystemSynchronizedRootGroup section */
		A7AF81612D39C660007EACF0 /* remoteController2 */ = {
			isa = PBXFileSystemSynchronizedRootGroup;
			path = remoteController2;
			sourceTree = "<group>";
		};
		A7AF81722D39C662007EACF0 /* remoteController2Tests */ = {
			isa = PBXFileSystemSynchronizedRootGroup;
			path = remoteController2Tests;
			sourceTree = "<group>";
		};
		A7AF817C2D39C662007EACF0 /* remoteController2UITests */ = {
			isa = PBXFileSystemSynchronizedRootGroup;
			path = remoteController2UITests;
			sourceTree = "<group>";
		};
/* End PBXFileSystemSynchronizedRootGroup section */

/* Begin PBXFrameworksBuildPhase section */
		A7AF815C2D39C660007EACF0 /* Frameworks */ = {
			isa = PBXFrameworksBuildPhase;
			buildActionMask = 2147483647;
			files = (
				A7AF81952D39C7A3007EACF0 /* NWWebSocket in Frameworks */,
			);
			runOnlyForDeploymentPostprocessing = 0;
		};
		A7AF816C2D39C662007EACF0 /* Frameworks */ = {
			isa = PBXFrameworksBuildPhase;
			buildActionMask = 2147483647;
			files = (
			);
			runOnlyForDeploymentPostprocessing = 0;
		};
		A7AF81762D39C662007EACF0 /* Frameworks */ = {
			isa = PBXFrameworksBuildPhase;
			buildActionMask = 2147483647;
			files = (
			);
			runOnlyForDeploymentPostprocessing = 0;
		};
/* End PBXFrameworksBuildPhase section */

/* Begin PBXGroup section */
		A7AF81562D39C660007EACF0 = {
			isa = PBXGroup;
			children = (
				A7AF81612D39C660007EACF0 /* remoteController2 */,
				A7AF81722D39C662007EACF0 /* remoteController2Tests */,
				A7AF817C2D39C662007EACF0 /* remoteController2UITests */,
				A7AF81602D39C660007EACF0 /* Products */,
			);
			sourceTree = "<group>";
		};
		A7AF81602D39C660007EACF0 /* Products */ = {
			isa = PBXGroup;
			children = (
				A7AF815F2D39C660007EACF0 /* remoteController2.app */,
				A7AF816F2D39C662007EACF0 /* remoteController2Tests.xctest */,
				A7AF81792D39C662007EACF0 /* remoteController2UITests.xctest */,
			);
			name = Products;
			sourceTree = "<group>";
		};
/* End PBXGroup section */

/* Begin PBXNativeTarget section */
		A7AF815E2D39C660007EACF0 /* remoteController2 */ = {
			isa = PBXNativeTarget;
			buildConfigurationList = A7AF81832D39C662007EACF0 /* Build configuration list for PBXNativeTarget "remoteController2" */;
			buildPhases = (
				A7AF815B2D39C660007EACF0 /* Sources */,
				A7AF815C2D39C660007EACF0 /* Frameworks */,
				A7AF815D2D39C660007EACF0 /* Resources */,
			);
			buildRules = (
			);
			dependencies = (
			);
			fileSystemSynchronizedGroups = (
				A7AF81612D39C660007EACF0 /* remoteController2 */,
			);
			name = remoteController2;
			packageProductDependencies = (
				A7AF81942D39C7A3007EACF0 /* NWWebSocket */,
			);
			productName = remoteController2;
			productReference = A7AF815F2D39C660007EACF0 /* remoteController2.app */;
			productType = "com.apple.product-type.application";
		};
		A7AF816E2D39C662007EACF0 /* remoteController2Tests */ = {
			isa = PBXNativeTarget;
			buildConfigurationList = A7AF81862D39C662007EACF0 /* Build configuration list for PBXNativeTarget "remoteController2Tests" */;
			buildPhases = (
				A7AF816B2D39C662007EACF0 /* Sources */,
				A7AF816C2D39C662007EACF0 /* Frameworks */,
				A7AF816D2D39C662007EACF0 /* Resources */,
			);
			buildRules = (
			);
			dependencies = (
				A7AF81712D39C662007EACF0 /* PBXTargetDependency */,
			);
			fileSystemSynchronizedGroups = (
				A7AF81722D39C662007EACF0 /* remoteController2Tests */,
			);
			name = remoteController2Tests;
			packageProductDependencies = (
			);
			productName = remoteController2Tests;
			productReference = A7AF816F2D39C662007EACF0 /* remoteController2Tests.xctest */;
			productType = "com.apple.product-type.bundle.unit-test";
		};
		A7AF81782D39C662007EACF0 /* remoteController2UITests */ = {
			isa = PBXNativeTarget;
			buildConfigurationList = A7AF81892D39C662007EACF0 /* Build configuration list for PBXNativeTarget "remoteController2UITests" */;
			buildPhases = (
				A7AF81752D39C662007EACF0 /* Sources */,
				A7AF81762D39C662007EACF0 /* Frameworks */,
				A7AF81772D39C662007EACF0 /* Resources */,
			);
			buildRules = (
			);
			dependencies = (
				A7AF817B2D39C662007EACF0 /* PBXTargetDependency */,
			);
			fileSystemSynchronizedGroups = (
				A7AF817C2D39C662007EACF0 /* remoteController2UITests */,
			);
			name = remoteController2UITests;
			packageProductDependencies = (
			);
			productName = remoteController2UITests;
			productReference = A7AF81792D39C662007EACF0 /* remoteController2UITests.xctest */;
			productType = "com.apple.product-type.bundle.ui-testing";
		};
/* End PBXNativeTarget section */

/* Begin PBXProject section */
		A7AF81572D39C660007EACF0 /* Project object */ = {
			isa = PBXProject;
			attributes = {
				BuildIndependentTargetsInParallel = 1;
				LastSwiftUpdateCheck = 1620;
				LastUpgradeCheck = 1620;
				TargetAttributes = {
					A7AF815E2D39C660007EACF0 = {
						CreatedOnToolsVersion = 16.2;
					};
					A7AF816E2D39C662007EACF0 = {
						CreatedOnToolsVersion = 16.2;
						TestTargetID = A7AF815E2D39C660007EACF0;
					};
					A7AF81782D39C662007EACF0 = {
						CreatedOnToolsVersion = 16.2;
						TestTargetID = A7AF815E2D39C660007EACF0;
					};
				};
			};
			buildConfigurationList = A7AF815A2D39C660007EACF0 /* Build configuration list for PBXProject "remoteController2" */;
			developmentRegion = en;
			hasScannedForEncodings = 0;
			knownRegions = (
				en,
				Base,
			);
			mainGroup = A7AF81562D39C660007EACF0;
			minimizedProjectReferenceProxies = 1;
			packageReferences = (
				A7AF81932D39C78C007EACF0 /* XCRemoteSwiftPackageReference "NWWebSocket" */,
			);
			preferredProjectObjectVersion = 77;
			productRefGroup = A7AF81602D39C660007EACF0 /* Products */;
			projectDirPath = "";
			projectRoot = "";
			targets = (
				A7AF815E2D39C660007EACF0 /* remoteController2 */,
				A7AF816E2D39C662007EACF0 /* remoteController2Tests */,
				A7AF81782D39C662007EACF0 /* remoteController2UITests */,
			);
		};
/* End PBXProject section */

/* Begin PBXResourcesBuildPhase section */
		A7AF815D2D39C660007EACF0 /* Resources */ = {
			isa = PBXResourcesBuildPhase;
			buildActionMask = 2147483647;
			files = (
			);
			runOnlyForDeploymentPostprocessing = 0;
		};
		A7AF816D2D39C662007EACF0 /* Resources */ = {
			isa = PBXResourcesBuildPhase;
			buildActionMask = 2147483647;
			files = (
			);
			runOnlyForDeploymentPostprocessing = 0;
		};
		A7AF81772D39C662007EACF0 /* Resources */ = {
			isa = PBXResourcesBuildPhase;
			buildActionMask = 2147483647;
			files = (
			);
			runOnlyForDeploymentPostprocessing = 0;
		};
/* End PBXResourcesBuildPhase section */

/* Begin PBXSourcesBuildPhase section */
		A7AF815B2D39C660007EACF0 /* Sources */ = {
			isa = PBXSourcesBuildPhase;
			buildActionMask = 2147483647;
			files = (
			);
			runOnlyForDeploymentPostprocessing = 0;
		};
		A7AF816B2D39C662007EACF0 /* Sources */ = {
			isa = PBXSourcesBuildPhase;
			buildActionMask = 2147483647;
			files = (
			);
			runOnlyForDeploymentPostprocessing = 0;
		};
		A7AF81752D39C662007EACF0 /* Sources */ = {
			isa = PBXSourcesBuildPhase;
			buildActionMask = 2147483647;
			files = (
			);
			runOnlyForDeploymentPostprocessing = 0;
		};
/* End PBXSourcesBuildPhase section */

/* Begin PBXTargetDependency section */
		A7AF81712D39C662007EACF0 /* PBXTargetDependency */ = {
			isa = PBXTargetDependency;
			target = A7AF815E2D39C660007EACF0 /* remoteController2 */;
			targetProxy = A7AF81702D39C662007EACF0 /* PBXContainerItemProxy */;
		};
		A7AF817B2D39C662007EACF0 /* PBXTargetDependency */ = {
			isa = PBXTargetDependency;
			target = A7AF815E2D39C660007EACF0 /* remoteController2 */;
			targetProxy = A7AF817A2D39C662007EACF0 /* PBXContainerItemProxy */;
		};
/* End PBXTargetDependency section */

/* Begin XCBuildConfiguration section */
		A7AF81812D39C662007EACF0 /* Debug */ = {
			isa = XCBuildConfiguration;
			buildSettings = {
				ALWAYS_SEARCH_USER_PATHS = NO;
				ASSETCATALOG_COMPILER_GENERATE_SWIFT_ASSET_SYMBOL_EXTENSIONS = YES;
				CLANG_ANALYZER_NONNULL = YES;
				CLANG_ANALYZER_NUMBER_OBJECT_CONVERSION = YES_AGGRESSIVE;
				CLANG_CXX_LANGUAGE_STANDARD = "gnu++20";
				CLANG_ENABLE_MODULES = YES;
				CLANG_ENABLE_OBJC_ARC = YES;
				CLANG_ENABLE_OBJC_WEAK = YES;
				CLANG_WARN_BLOCK_CAPTURE_AUTORELEASING = YES;
				CLANG_WARN_BOOL_CONVERSION = YES;
				CLANG_WARN_COMMA = YES;
				CLANG_WARN_CONSTANT_CONVERSION = YES;
				CLANG_WARN_DEPRECATED_OBJC_IMPLEMENTATIONS = YES;
				CLANG_WARN_DIRECT_OBJC_ISA_USAGE = YES_ERROR;
				CLANG_WARN_DOCUMENTATION_COMMENTS = YES;
				CLANG_WARN_EMPTY_BODY = YES;
				CLANG_WARN_ENUM_CONVERSION = YES;
				CLANG_WARN_INFINITE_RECURSION = YES;
				CLANG_WARN_INT_CONVERSION = YES;
				CLANG_WARN_NON_LITERAL_NULL_CONVERSION = YES;
				CLANG_WARN_OBJC_IMPLICIT_RETAIN_SELF = YES;
				CLANG_WARN_OBJC_LITERAL_CONVERSION = YES;
				CLANG_WARN_OBJC_ROOT_CLASS = YES_ERROR;
				CLANG_WARN_QUOTED_INCLUDE_IN_FRAMEWORK_HEADER = YES;
				CLANG_WARN_RANGE_LOOP_ANALYSIS = YES;
				CLANG_WARN_STRICT_PROTOTYPES = YES;
				CLANG_WARN_SUSPICIOUS_MOVE = YES;
				CLANG_WARN_UNGUARDED_AVAILABILITY = YES_AGGRESSIVE;
				CLANG_WARN_UNREACHABLE_CODE = YES;
				CLANG_WARN__DUPLICATE_METHOD_MATCH = YES;
				COPY_PHASE_STRIP = NO;
				DEBUG_INFORMATION_FORMAT = dwarf;
				ENABLE_STRICT_OBJC_MSGSEND = YES;
				ENABLE_TESTABILITY = YES;
				ENABLE_USER_SCRIPT_SANDBOXING = YES;
				GCC_C_LANGUAGE_STANDARD = gnu17;
				GCC_DYNAMIC_NO_PIC = NO;
				GCC_NO_COMMON_BLOCKS = YES;
				GCC_OPTIMIZATION_LEVEL = 0;
				GCC_PREPROCESSOR_DEFINITIONS = (
					"DEBUG=1",
					"$(inherited)",
				);
				GCC_WARN_64_TO_32_BIT_CONVERSION = YES;
				GCC_WARN_ABOUT_RETURN_TYPE = YES_ERROR;
				GCC_WARN_UNDECLARED_SELECTOR = YES;
				GCC_WARN_UNINITIALIZED_AUTOS = YES_AGGRESSIVE;
				GCC_WARN_UNUSED_FUNCTION = YES;
				GCC_WARN_UNUSED_VARIABLE = YES;
				IPHONEOS_DEPLOYMENT_TARGET = 18.2;
				LOCALIZATION_PREFERS_STRING_CATALOGS = YES;
				MTL_ENABLE_DEBUG_INFO = INCLUDE_SOURCE;
				MTL_FAST_MATH = YES;
				ONLY_ACTIVE_ARCH = YES;
				SDKROOT = iphoneos;
				SWIFT_ACTIVE_COMPILATION_CONDITIONS = "DEBUG $(inherited)";
				SWIFT_OPTIMIZATION_LEVEL = "-Onone";
			};
			name = Debug;
		};
		A7AF81822D39C662007EACF0 /* Release */ = {
			isa = XCBuildConfiguration;
			buildSettings = {
				ALWAYS_SEARCH_USER_PATHS = NO;
				ASSETCATALOG_COMPILER_GENERATE_SWIFT_ASSET_SYMBOL_EXTENSIONS = YES;
				CLANG_ANALYZER_NONNULL = YES;
				CLANG_ANALYZER_NUMBER_OBJECT_CONVERSION = YES_AGGRESSIVE;
				CLANG_CXX_LANGUAGE_STANDARD = "gnu++20";
				CLANG_ENABLE_MODULES = YES;
				CLANG_ENABLE_OBJC_ARC = YES;
				CLANG_ENABLE_OBJC_WEAK = YES;
				CLANG_WARN_BLOCK_CAPTURE_AUTORELEASING = YES;
				CLANG_WARN_BOOL_CONVERSION = YES;
				CLANG_WARN_COMMA = YES;
				CLANG_WARN_CONSTANT_CONVERSION = YES;
				CLANG_WARN_DEPRECATED_OBJC_IMPLEMENTATIONS = YES;
				CLANG_WARN_DIRECT_OBJC_ISA_USAGE = YES_ERROR;
				CLANG_WARN_DOCUMENTATION_COMMENTS = YES;
				CLANG_WARN_EMPTY_BODY = YES;
				CLANG_WARN_ENUM_CONVERSION = YES;
				CLANG_WARN_INFINITE_RECURSION = YES;
				CLANG_WARN_INT_CONVERSION = YES;
				CLANG_WARN_NON_LITERAL_NULL_CONVERSION = YES;
				CLANG_WARN_OBJC_IMPLICIT_RETAIN_SELF = YES;
				CLANG_WARN_OBJC_LITERAL_CONVERSION = YES;
				CLANG_WARN_OBJC_ROOT_CLASS = YES_ERROR;
				CLANG_WARN_QUOTED_INCLUDE_IN_FRAMEWORK_HEADER = YES;
				CLANG_WARN_RANGE_LOOP_ANALYSIS = YES;
				CLANG_WARN_STRICT_PROTOTYPES = YES;
				CLANG_WARN_SUSPICIOUS_MOVE = YES;
				CLANG_WARN_UNGUARDED_AVAILABILITY = YES_AGGRESSIVE;
				CLANG_WARN_UNREACHABLE_CODE = YES;
				CLANG_WARN__DUPLICATE_METHOD_MATCH = YES;
				COPY_PHASE_STRIP = NO;
				DEBUG_INFORMATION_FORMAT = "dwarf-with-dsym";
				ENABLE_NS_ASSERTIONS = NO;
				ENABLE_STRICT_OBJC_MSGSEND = YES;
				ENABLE_USER_SCRIPT_SANDBOXING = YES;
				GCC_C_LANGUAGE_STANDARD = gnu17;
				GCC_NO_COMMON_BLOCKS = YES;
				GCC_WARN_64_TO_32_BIT_CONVERSION = YES;
				GCC_WARN_ABOUT_RETURN_TYPE = YES_ERROR;
				GCC_WARN_UNDECLARED_SELECTOR = YES;
				GCC_WARN_UNINITIALIZED_AUTOS = YES_AGGRESSIVE;
				GCC_WARN_UNUSED_FUNCTION = YES;
				GCC_WARN_UNUSED_VARIABLE = YES;
				IPHONEOS_DEPLOYMENT_TARGET = 18.2;
				LOCALIZATION_PREFERS_STRING_CATALOGS = YES;
				MTL_ENABLE_DEBUG_INFO = NO;
				MTL_FAST_MATH = YES;
				SDKROOT = iphoneos;
				SWIFT_COMPILATION_MODE = wholemodule;
				VALIDATE_PRODUCT = YES;
			};
			name = Release;
		};
		A7AF81842D39C662007EACF0 /* Debug */ = {
			isa = XCBuildConfiguration;
			buildSettings = {
				ASSETCATALOG_COMPILER_APPICON_NAME = AppIcon;
				ASSETCATALOG_COMPILER_GLOBAL_ACCENT_COLOR_NAME = AccentColor;
				CODE_SIGN_STYLE = Automatic;
				CURRENT_PROJECT_VERSION = 1;
				DEVELOPMENT_ASSET_PATHS = "\"remoteController2/Preview Content\"";
				DEVELOPMENT_TEAM = KK2Z8T576H;
				ENABLE_PREVIEWS = YES;
				GENERATE_INFOPLIST_FILE = YES;
				INFOPLIST_KEY_NSBluetoothAlwaysUsageDescription = true;
				INFOPLIST_KEY_UIApplicationSceneManifest_Generation = YES;
				INFOPLIST_KEY_UIApplicationSupportsIndirectInputEvents = YES;
				INFOPLIST_KEY_UILaunchScreen_Generation = YES;
				INFOPLIST_KEY_UISupportedInterfaceOrientations_iPad = "UIInterfaceOrientationPortrait UIInterfaceOrientationPortraitUpsideDown UIInterfaceOrientationLandscapeLeft UIInterfaceOrientationLandscapeRight";
				INFOPLIST_KEY_UISupportedInterfaceOrientations_iPhone = "UIInterfaceOrientationPortrait UIInterfaceOrientationLandscapeLeft UIInterfaceOrientationLandscapeRight";
				IPHONEOS_DEPLOYMENT_TARGET = 16.6;
				LD_RUNPATH_SEARCH_PATHS = (
					"$(inherited)",
					"@executable_path/Frameworks",
				);
				MARKETING_VERSION = 1.0;
				PRODUCT_BUNDLE_IDENTIFIER = valentingassend.com.remoteController2;
				PRODUCT_NAME = "$(TARGET_NAME)";
				SWIFT_EMIT_LOC_STRINGS = YES;
				SWIFT_VERSION = 5.0;
				TARGETED_DEVICE_FAMILY = "1,2";
			};
			name = Debug;
		};
		A7AF81852D39C662007EACF0 /* Release */ = {
			isa = XCBuildConfiguration;
			buildSettings = {
				ASSETCATALOG_COMPILER_APPICON_NAME = AppIcon;
				ASSETCATALOG_COMPILER_GLOBAL_ACCENT_COLOR_NAME = AccentColor;
				CODE_SIGN_STYLE = Automatic;
				CURRENT_PROJECT_VERSION = 1;
				DEVELOPMENT_ASSET_PATHS = "\"remoteController2/Preview Content\"";
				DEVELOPMENT_TEAM = KK2Z8T576H;
				ENABLE_PREVIEWS = YES;
				GENERATE_INFOPLIST_FILE = YES;
				INFOPLIST_KEY_NSBluetoothAlwaysUsageDescription = true;
				INFOPLIST_KEY_UIApplicationSceneManifest_Generation = YES;
				INFOPLIST_KEY_UIApplicationSupportsIndirectInputEvents = YES;
				INFOPLIST_KEY_UILaunchScreen_Generation = YES;
				INFOPLIST_KEY_UISupportedInterfaceOrientations_iPad = "UIInterfaceOrientationPortrait UIInterfaceOrientationPortraitUpsideDown UIInterfaceOrientationLandscapeLeft UIInterfaceOrientationLandscapeRight";
				INFOPLIST_KEY_UISupportedInterfaceOrientations_iPhone = "UIInterfaceOrientationPortrait UIInterfaceOrientationLandscapeLeft UIInterfaceOrientationLandscapeRight";
				IPHONEOS_DEPLOYMENT_TARGET = 16.6;
				LD_RUNPATH_SEARCH_PATHS = (
					"$(inherited)",
					"@executable_path/Frameworks",
				);
				MARKETING_VERSION = 1.0;
				PRODUCT_BUNDLE_IDENTIFIER = valentingassend.com.remoteController2;
				PRODUCT_NAME = "$(TARGET_NAME)";
				SWIFT_EMIT_LOC_STRINGS = YES;
				SWIFT_VERSION = 5.0;
				TARGETED_DEVICE_FAMILY = "1,2";
			};
			name = Release;
		};
		A7AF81872D39C662007EACF0 /* Debug */ = {
			isa = XCBuildConfiguration;
			buildSettings = {
				BUNDLE_LOADER = "$(TEST_HOST)";
				CODE_SIGN_STYLE = Automatic;
				CURRENT_PROJECT_VERSION = 1;
				DEVELOPMENT_TEAM = KK2Z8T576H;
				GENERATE_INFOPLIST_FILE = YES;
				IPHONEOS_DEPLOYMENT_TARGET = 18.2;
				MARKETING_VERSION = 1.0;
				PRODUCT_BUNDLE_IDENTIFIER = valentingassend.com.remoteController2Tests;
				PRODUCT_NAME = "$(TARGET_NAME)";
				SWIFT_EMIT_LOC_STRINGS = NO;
				SWIFT_VERSION = 5.0;
				TARGETED_DEVICE_FAMILY = "1,2";
				TEST_HOST = "$(BUILT_PRODUCTS_DIR)/remoteController2.app/$(BUNDLE_EXECUTABLE_FOLDER_PATH)/remoteController2";
			};
			name = Debug;
		};
		A7AF81882D39C662007EACF0 /* Release */ = {
			isa = XCBuildConfiguration;
			buildSettings = {
				BUNDLE_LOADER = "$(TEST_HOST)";
				CODE_SIGN_STYLE = Automatic;
				CURRENT_PROJECT_VERSION = 1;
				DEVELOPMENT_TEAM = KK2Z8T576H;
				GENERATE_INFOPLIST_FILE = YES;
				IPHONEOS_DEPLOYMENT_TARGET = 18.2;
				MARKETING_VERSION = 1.0;
				PRODUCT_BUNDLE_IDENTIFIER = valentingassend.com.remoteController2Tests;
				PRODUCT_NAME = "$(TARGET_NAME)";
				SWIFT_EMIT_LOC_STRINGS = NO;
				SWIFT_VERSION = 5.0;
				TARGETED_DEVICE_FAMILY = "1,2";
				TEST_HOST = "$(BUILT_PRODUCTS_DIR)/remoteController2.app/$(BUNDLE_EXECUTABLE_FOLDER_PATH)/remoteController2";
			};
			name = Release;
		};
		A7AF818A2D39C662007EACF0 /* Debug */ = {
			isa = XCBuildConfiguration;
			buildSettings = {
				CODE_SIGN_STYLE = Automatic;
				CURRENT_PROJECT_VERSION = 1;
				DEVELOPMENT_TEAM = KK2Z8T576H;
				GENERATE_INFOPLIST_FILE = YES;
				MARKETING_VERSION = 1.0;
				PRODUCT_BUNDLE_IDENTIFIER = valentingassend.com.remoteController2UITests;
				PRODUCT_NAME = "$(TARGET_NAME)";
				SWIFT_EMIT_LOC_STRINGS = NO;
				SWIFT_VERSION = 5.0;
				TARGETED_DEVICE_FAMILY = "1,2";
				TEST_TARGET_NAME = remoteController2;
			};
			name = Debug;
		};
		A7AF818B2D39C662007EACF0 /* Release */ = {
			isa = XCBuildConfiguration;
			buildSettings = {
				CODE_SIGN_STYLE = Automatic;
				CURRENT_PROJECT_VERSION = 1;
				DEVELOPMENT_TEAM = KK2Z8T576H;
				GENERATE_INFOPLIST_FILE = YES;
				MARKETING_VERSION = 1.0;
				PRODUCT_BUNDLE_IDENTIFIER = valentingassend.com.remoteController2UITests;
				PRODUCT_NAME = "$(TARGET_NAME)";
				SWIFT_EMIT_LOC_STRINGS = NO;
				SWIFT_VERSION = 5.0;
				TARGETED_DEVICE_FAMILY = "1,2";
				TEST_TARGET_NAME = remoteController2;
			};
			name = Release;
		};
/* End XCBuildConfiguration section */

/* Begin XCConfigurationList section */
		A7AF815A2D39C660007EACF0 /* Build configuration list for PBXProject "remoteController2" */ = {
			isa = XCConfigurationList;
			buildConfigurations = (
				A7AF81812D39C662007EACF0 /* Debug */,
				A7AF81822D39C662007EACF0 /* Release */,
			);
			defaultConfigurationIsVisible = 0;
			defaultConfigurationName = Release;
		};
		A7AF81832D39C662007EACF0 /* Build configuration list for PBXNativeTarget "remoteController2" */ = {
			isa = XCConfigurationList;
			buildConfigurations = (
				A7AF81842D39C662007EACF0 /* Debug */,
				A7AF81852D39C662007EACF0 /* Release */,
			);
			defaultConfigurationIsVisible = 0;
			defaultConfigurationName = Release;
		};
		A7AF81862D39C662007EACF0 /* Build configuration list for PBXNativeTarget "remoteController2Tests" */ = {
			isa = XCConfigurationList;
			buildConfigurations = (
				A7AF81872D39C662007EACF0 /* Debug */,
				A7AF81882D39C662007EACF0 /* Release */,
			);
			defaultConfigurationIsVisible = 0;
			defaultConfigurationName = Release;
		};
		A7AF81892D39C662007EACF0 /* Build configuration list for PBXNativeTarget "remoteController2UITests" */ = {
			isa = XCConfigurationList;
			buildConfigurations = (
				A7AF818A2D39C662007EACF0 /* Debug */,
				A7AF818B2D39C662007EACF0 /* Release */,
			);
			defaultConfigurationIsVisible = 0;
			defaultConfigurationName = Release;
		};
/* End XCConfigurationList section */

/* Begin XCRemoteSwiftPackageReference section */
		A7AF81932D39C78C007EACF0 /* XCRemoteSwiftPackageReference "NWWebSocket" */ = {
			isa = XCRemoteSwiftPackageReference;
			repositoryURL = "https://github.com/pusher/NWWebSocket.git";
			requirement = {
				kind = upToNextMajorVersion;
				minimumVersion = 0.5.4;
			};
		};
/* End XCRemoteSwiftPackageReference section */

/* Begin XCSwiftPackageProductDependency section */
		A7AF81942D39C7A3007EACF0 /* NWWebSocket */ = {
			isa = XCSwiftPackageProductDependency;
			package = A7AF81932D39C78C007EACF0 /* XCRemoteSwiftPackageReference "NWWebSocket" */;
			productName = NWWebSocket;
		};
/* End XCSwiftPackageProductDependency section */
	};
	rootObject = A7AF81572D39C660007EACF0 /* Project object */;
}
